
Microsoft Visual Studio Solution File, Format Version 12.00
# Visual Studio Version 17
VisualStudioVersion = 17.9.34728.123
MinimumVisualStudioVersion = 10.0.40219.1
Project("{FAE04EC0-301F-11D3-BF4B-00C04F79EFBC}") = "ValidatePassword", "ValidatePassword\ValidatePassword.csproj", "{DE374C3F-71EC-40E8-BB96-95F05623F7DE}"
EndProject
Global
	GlobalSection(SolutionConfigurationPlatforms) = preSolution
		Debug|Any CPU = Debug|Any CPU
		Release|Any CPU = Release|Any CPU
	EndGlobalSection
	GlobalSection(ProjectConfigurationPlatforms) = postSolution
		{DE374C3F-71EC-40E8-BB96-95F05623F7DE}.Debug|Any CPU.ActiveCfg = Debug|Any CPU
		{DE374C3F-71EC-40E8-BB96-95F05623F7DE}.Debug|Any CPU.Build.0 = Debug|Any CPU
		{DE374C3F-71EC-40E8-BB96-95F05623F7DE}.Release|Any CPU.ActiveCfg = Release|Any CPU
		{DE374C3F-71EC-40E8-BB96-95F05623F7DE}.Release|Any CPU.Build.0 = Release|Any CPU
	EndGlobalSection
	GlobalSection(SolutionProperties) = preSolution
		HideSolutionNode = FALSE
	EndGlobalSection
	GlobalSection(ExtensibilityGlobals) = postSolution
		SolutionGuid = {E5320651-FBD7-4B2B-9740-1401A0933FBB}
	EndGlobalSection
EndGlobal
